
Microsoft Visual Studio Solution File, Format Version 12.00
# Visual Studio 15
VisualStudioVersion = 15.0.27428.2037
MinimumVisualStudioVersion = 10.0.40219.1
Project("{FAE04EC0-301F-11D3-BF4B-00C04F79EFBC}") = "WebApplication1", "WebApplication1\WebApplication1.csproj", "{B17ADE67-57AD-45BA-92B6-3482B60BFDA8}"
EndProject
Global
	GlobalSection(SolutionConfigurationPlatforms) = preSolution
		Debug|Any CPU = Debug|Any CPU
		Release|Any CPU = Release|Any CPU
	EndGlobalSection
	GlobalSection(ProjectConfigurationPlatforms) = postSolution
		{B17ADE67-57AD-45BA-92B6-3482B60BFDA8}.Debug|Any CPU.ActiveCfg = Debug|Any CPU
		{B17ADE67-57AD-45BA-92B6-3482B60BFDA8}.Debug|Any CPU.Build.0 = Debug|Any CPU
		{B17ADE67-57AD-45BA-92B6-3482B60BFDA8}.Release|Any CPU.ActiveCfg = Release|Any CPU
		{B17ADE67-57AD-45BA-92B6-3482B60BFDA8}.Release|Any CPU.Build.0 = Release|Any CPU
	EndGlobalSection
	GlobalSection(SolutionProperties) = preSolution
		HideSolutionNode = FALSE
	EndGlobalSection
	GlobalSection(ExtensibilityGlobals) = postSolution
		SolutionGuid = {5D710FA2-8ED7-41F4-AB06-F70038A84DD3}
	EndGlobalSection
EndGlobal
